
Microsoft Visual Studio Solution File, Format Version 12.00
# Visual Studio Version 16
VisualStudioVersion = 16.0.31129.286
MinimumVisualStudioVersion = 10.0.40219.1
Project("{FAE04EC0-301F-11D3-BF4B-00C04F79EFBC}") = "posts", "posts\posts.csproj", "{3EBF15F5-6973-492A-B5E1-A881E371F732}"
EndProject
Global
	GlobalSection(SolutionConfigurationPlatforms) = preSolution
		Debug|Any CPU = Debug|Any CPU
		Release|Any CPU = Release|Any CPU
	EndGlobalSection
	GlobalSection(ProjectConfigurationPlatforms) = postSolution
		{3EBF15F5-6973-492A-B5E1-A881E371F732}.Debug|Any CPU.ActiveCfg = Debug|Any CPU
		{3EBF15F5-6973-492A-B5E1-A881E371F732}.Debug|Any CPU.Build.0 = Debug|Any CPU
		{3EBF15F5-6973-492A-B5E1-A881E371F732}.Release|Any CPU.ActiveCfg = Release|Any CPU
		{3EBF15F5-6973-492A-B5E1-A881E371F732}.Release|Any CPU.Build.0 = Release|Any CPU
	EndGlobalSection
	GlobalSection(SolutionProperties) = preSolution
		HideSolutionNode = FALSE
	EndGlobalSection
	GlobalSection(ExtensibilityGlobals) = postSolution
		SolutionGuid = {4C562B1A-834E-443E-92B9-DF06E0D0F5B2}
	EndGlobalSection
EndGlobal
